
Microsoft Visual Studio Solution File, Format Version 12.00
# Visual Studio Version 16
VisualStudioVersion = 16.0.810.5
MinimumVisualStudioVersion = 10.0.40219.1
Project("{FAE04EC0-301F-11D3-BF4B-00C04F79EFBC}") = "Dependency.Injection", "Dependency.Injection\Dependency.Injection.csproj", "{4D572771-FAFF-4A11-8773-2919DC8B3A99}"
EndProject
Global
	GlobalSection(SolutionConfigurationPlatforms) = preSolution
		Debug|Any CPU = Debug|Any CPU
		Release|Any CPU = Release|Any CPU
	EndGlobalSection
	GlobalSection(ProjectConfigurationPlatforms) = postSolution
		{4D572771-FAFF-4A11-8773-2919DC8B3A99}.Debug|Any CPU.ActiveCfg = Debug|Any CPU
		{4D572771-FAFF-4A11-8773-2919DC8B3A99}.Debug|Any CPU.Build.0 = Debug|Any CPU
		{4D572771-FAFF-4A11-8773-2919DC8B3A99}.Release|Any CPU.ActiveCfg = Release|Any CPU
		{4D572771-FAFF-4A11-8773-2919DC8B3A99}.Release|Any CPU.Build.0 = Release|Any CPU
	EndGlobalSection
	GlobalSection(SolutionProperties) = preSolution
		HideSolutionNode = FALSE
	EndGlobalSection
	GlobalSection(ExtensibilityGlobals) = postSolution
		SolutionGuid = {0B0E22CE-2F0F-4AB1-A691-1A64656E5908}
	EndGlobalSection
EndGlobal
